dependencies:
  espressif/esp-idf-cxx:
    component_hash: 2fa63e4e725f0c2d3dd6d99da8a91d404b4b49667088b1be0f336eb9c13ff17f
    dependencies:
    - name: idf
      require: private
      version: '>=5.0'
    source:
      registry_url: https://components.espressif.com/
      type: service
    version: 1.0.2-beta
  espressif/esp_lvgl_port:
    component_hash: bb938deffba7d80b2ce582a796c053681b0439e0a7033666688e0f1f5b921125
    dependencies:
    - name: idf
      require: private
      version: '>=4.4'
    - name: lvgl/lvgl
      registry_url: https://components.espressif.com
      require: public
      version: '>=8,<10'
    source:
      registry_url: https://components.espressif.com/
      type: service
    version: 2.5.0
  idf:
    source:
      type: idf
    version: 5.5.0
  lvgl/lvgl:
    component_hash: 096c69af22eaf8a2b721e3913da91918c5e6bf1a762a113ec01f401aa61337a0
    dependencies: []
    source:
      registry_url: https://components.espressif.com
      type: service
    version: 9.2.2
  skibu/idfx:
    component_hash: 2d999b2875a4c991b4e0e0f233b6e022574ca486dc51a169bfbd6dafc4bbd4af
    dependencies: []
    source:
      registry_url: https://components.espressif.com/
      type: service
    version: 0.0.13
direct_dependencies:
- espressif/esp-idf-cxx
- espressif/esp_lvgl_port
- idf
- skibu/idfx
manifest_hash: 0a66386cf3ee170326df26aaf19b47f64b661ebc08a28164c89ba44ff2461995
target: esp32s3
version: 2.0.0
